
Microsoft Visual Studio Solution File, Format Version 12.00
# Visual Studio Version 17
VisualStudioVersion = 17.0.32112.339
MinimumVisualStudioVersion = 10.0.40219.1
Project("{FAE04EC0-301F-11D3-BF4B-00C04F79EFBC}") = "Vardas pavarde", "Vardas pavarde\Vardas pavarde.csproj", "{B2BFE937-AA0A-4B9D-A286-7A2BC7DC38E1}"
EndProject
Global
	GlobalSection(SolutionConfigurationPlatforms) = preSolution
		Debug|Any CPU = Debug|Any CPU
		Release|Any CPU = Release|Any CPU
	EndGlobalSection
	GlobalSection(ProjectConfigurationPlatforms) = postSolution
		{B2BFE937-AA0A-4B9D-A286-7A2BC7DC38E1}.Debug|Any CPU.ActiveCfg = Debug|Any CPU
		{B2BFE937-AA0A-4B9D-A286-7A2BC7DC38E1}.Debug|Any CPU.Build.0 = Debug|Any CPU
		{B2BFE937-AA0A-4B9D-A286-7A2BC7DC38E1}.Release|Any CPU.ActiveCfg = Release|Any CPU
		{B2BFE937-AA0A-4B9D-A286-7A2BC7DC38E1}.Release|Any CPU.Build.0 = Release|Any CPU
	EndGlobalSection
	GlobalSection(SolutionProperties) = preSolution
		HideSolutionNode = FALSE
	EndGlobalSection
	GlobalSection(ExtensibilityGlobals) = postSolution
		SolutionGuid = {E4EACBA7-71A4-47E9-BA26-B711B63221EE}
	EndGlobalSection
EndGlobal
